
Microsoft Visual Studio Solution File, Format Version 12.00
# Visual Studio Version 16
VisualStudioVersion = 16.0.30011.22
MinimumVisualStudioVersion = 10.0.40219.1
Project("{FAE04EC0-301F-11D3-BF4B-00C04F79EFBC}") = "StudentCourseRegistrationMVC", "StudentCourseRegistrationMVC\StudentCourseRegistrationMVC.csproj", "{2E5987C1-F6CB-42B6-B4E5-2FFF2EFC377E}"
EndProject
Global
	GlobalSection(SolutionConfigurationPlatforms) = preSolution
		Debug|Any CPU = Debug|Any CPU
		Release|Any CPU = Release|Any CPU
	EndGlobalSection
	GlobalSection(ProjectConfigurationPlatforms) = postSolution
		{2E5987C1-F6CB-42B6-B4E5-2FFF2EFC377E}.Debug|Any CPU.ActiveCfg = Debug|Any CPU
		{2E5987C1-F6CB-42B6-B4E5-2FFF2EFC377E}.Debug|Any CPU.Build.0 = Debug|Any CPU
		{2E5987C1-F6CB-42B6-B4E5-2FFF2EFC377E}.Release|Any CPU.ActiveCfg = Release|Any CPU
		{2E5987C1-F6CB-42B6-B4E5-2FFF2EFC377E}.Release|Any CPU.Build.0 = Release|Any CPU
	EndGlobalSection
	GlobalSection(SolutionProperties) = preSolution
		HideSolutionNode = FALSE
	EndGlobalSection
	GlobalSection(ExtensibilityGlobals) = postSolution
		SolutionGuid = {AD1AE881-6B4D-44C1-A39E-31E9D50A759D}
	EndGlobalSection
EndGlobal
